// !$*UTF8*$!
{
	archiveVersion = 1;
	classes = {
	};
	objectVersion = 56;
	objects = {

/* Begin PBXBuildFile section */
		4745846E2BEAD41400991690 /* JokesApp.swift in Sources */ = {isa = PBXBuildFile; fileRef = 4745846D2BEAD41400991690 /* JokesApp.swift */; };
		474584702BEAD41400991690 /* JokeView.swift in Sources */ = {isa = PBXBuildFile; fileRef = 4745846F2BEAD41400991690 /* JokeView.swift */; };
		474584722BEAD41500991690 /* Assets.xcassets in Resources */ = {isa = PBXBuildFile; fileRef = 474584712BEAD41500991690 /* Assets.xcassets */; };
		474584822BEAD73200991690 /* JokeViewSnapshotTests.swift in Sources */ = {isa = PBXBuildFile; fileRef = 474584812BEAD73200991690 /* JokeViewSnapshotTests.swift */; };
		478553862C4EFF6900AB8830 /* JokeViewTests.swift in Sources */ = {isa = PBXBuildFile; fileRef = 478553852C4EFF6900AB8830 /* JokeViewTests.swift */; };
		47B6F5D42BF284D8009B12FC /* JokeViewPreviewProvider.swift in Sources */ = {isa = PBXBuildFile; fileRef = 47B6F5D32BF284D8009B12FC /* JokeViewPreviewProvider.swift */; };
		47C1CC642C56DA6A00F97F1F /* ViewInspector in Frameworks */ = {isa = PBXBuildFile; productRef = 47C1CC632C56DA6A00F97F1F /* ViewInspector */; };
		47C7255E2C9415DF00746EBD /* JokeState.swift in Sources */ = {isa = PBXBuildFile; fileRef = 47C7255D2C9415DF00746EBD /* JokeState.swift */; };
		47C725602C9415F400746EBD /* Joke.swift in Sources */ = {isa = PBXBuildFile; fileRef = 47C7255F2C9415F400746EBD /* Joke.swift */; };
		47C725622C94168D00746EBD /* URLSessionProtocol.swift in Sources */ = {isa = PBXBuildFile; fileRef = 47C725612C94168D00746EBD /* URLSessionProtocol.swift */; };
		47CD27192BF118C900B73805 /* InlineSnapshotTesting in Frameworks */ = {isa = PBXBuildFile; productRef = 47CD27182BF118C900B73805 /* InlineSnapshotTesting */; };
		47CD271B2BF118C900B73805 /* SnapshotTesting in Frameworks */ = {isa = PBXBuildFile; productRef = 47CD271A2BF118C900B73805 /* SnapshotTesting */; };
/* End PBXBuildFile section */

/* Begin PBXContainerItemProxy section */
		474584832BEAD73200991690 /* PBXContainerItemProxy */ = {
			isa = PBXContainerItemProxy;
			containerPortal = 474584622BEAD41400991690 /* Project object */;
			proxyType = 1;
			remoteGlobalIDString = 474584692BEAD41400991690;
			remoteInfo = JokesApp;
		};
/* End PBXContainerItemProxy section */

/* Begin PBXFileReference section */
		4745846A2BEAD41400991690 /* Jokes.app */ = {isa = PBXFileReference; explicitFileType = wrapper.application; includeInIndex = 0; path = Jokes.app; sourceTree = BUILT_PRODUCTS_DIR; };
		4745846D2BEAD41400991690 /* JokesApp.swift */ = {isa = PBXFileReference; lastKnownFileType = sourcecode.swift; path = JokesApp.swift; sourceTree = "<group>"; };
		4745846F2BEAD41400991690 /* JokeView.swift */ = {isa = PBXFileReference; lastKnownFileType = sourcecode.swift; path = JokeView.swift; sourceTree = "<group>"; };
		474584712BEAD41500991690 /* Assets.xcassets */ = {isa = PBXFileReference; lastKnownFileType = folder.assetcatalog; path = Assets.xcassets; sourceTree = "<group>"; };
		4745847F2BEAD73200991690 /* JokesTests.xctest */ = {isa = PBXFileReference; explicitFileType = wrapper.cfbundle; includeInIndex = 0; path = JokesTests.xctest; sourceTree = BUILT_PRODUCTS_DIR; };
		474584812BEAD73200991690 /* JokeViewSnapshotTests.swift */ = {isa = PBXFileReference; lastKnownFileType = sourcecode.swift; path = JokeViewSnapshotTests.swift; sourceTree = "<group>"; };
		478553852C4EFF6900AB8830 /* JokeViewTests.swift */ = {isa = PBXFileReference; lastKnownFileType = sourcecode.swift; path = JokeViewTests.swift; sourceTree = "<group>"; };
		47B6F5D32BF284D8009B12FC /* JokeViewPreviewProvider.swift */ = {isa = PBXFileReference; lastKnownFileType = sourcecode.swift; path = JokeViewPreviewProvider.swift; sourceTree = "<group>"; };
		47C7255D2C9415DF00746EBD /* JokeState.swift */ = {isa = PBXFileReference; lastKnownFileType = sourcecode.swift; path = JokeState.swift; sourceTree = "<group>"; };
		47C7255F2C9415F400746EBD /* Joke.swift */ = {isa = PBXFileReference; lastKnownFileType = sourcecode.swift; path = Joke.swift; sourceTree = "<group>"; };
		47C725612C94168D00746EBD /* URLSessionProtocol.swift */ = {isa = PBXFileReference; lastKnownFileType = sourcecode.swift; path = URLSessionProtocol.swift; sourceTree = "<group>"; };
/* End PBXFileReference section */

/* Begin PBXFrameworksBuildPhase section */
		474584672BEAD41400991690 /* Frameworks */ = {
			isa = PBXFrameworksBuildPhase;
			buildActionMask = 2147483647;
			files = (
			);
			runOnlyForDeploymentPostprocessing = 0;
		};
		4745847C2BEAD73200991690 /* Frameworks */ = {
			isa = PBXFrameworksBuildPhase;
			buildActionMask = 2147483647;
			files = (
				47CD27192BF118C900B73805 /* InlineSnapshotTesting in Frameworks */,
				47CD271B2BF118C900B73805 /* SnapshotTesting in Frameworks */,
				47C1CC642C56DA6A00F97F1F /* ViewInspector in Frameworks */,
			);
			runOnlyForDeploymentPostprocessing = 0;
		};
/* End PBXFrameworksBuildPhase section */

/* Begin PBXGroup section */
		474584612BEAD41400991690 = {
			isa = PBXGroup;
			children = (
				4745846C2BEAD41400991690 /* Jokes */,
				474584802BEAD73200991690 /* JokesTests */,
				4745846B2BEAD41400991690 /* Products */,
			);
			sourceTree = "<group>";
		};
		4745846B2BEAD41400991690 /* Products */ = {
			isa = PBXGroup;
			children = (
				4745846A2BEAD41400991690 /* Jokes.app */,
				4745847F2BEAD73200991690 /* JokesTests.xctest */,
			);
			name = Products;
			sourceTree = "<group>";
		};
		4745846C2BEAD41400991690 /* Jokes */ = {
			isa = PBXGroup;
			children = (
				47C725672C94170000746EBD /* Screens */,
				47C725662C9416F500746EBD /* App */,
				47C725652C9416E400746EBD /* Helpers */,
				47C725632C9416BA00746EBD /* Resources */,
			);
			path = Jokes;
			sourceTree = "<group>";
		};
		474584802BEAD73200991690 /* JokesTests */ = {
			isa = PBXGroup;
			children = (
				47C7256A2C94171F00746EBD /* Unit */,
				47C725692C94170D00746EBD /* Snapshot */,
			);
			path = JokesTests;
			sourceTree = "<group>";
		};
		47C725632C9416BA00746EBD /* Resources */ = {
			isa = PBXGroup;
			children = (
				474584712BEAD41500991690 /* Assets.xcassets */,
			);
			path = Resources;
			sourceTree = "<group>";
		};
		47C725652C9416E400746EBD /* Helpers */ = {
			isa = PBXGroup;
			children = (
				47B6F5D32BF284D8009B12FC /* JokeViewPreviewProvider.swift */,
				47C725612C94168D00746EBD /* URLSessionProtocol.swift */,
			);
			path = Helpers;
			sourceTree = "<group>";
		};
		47C725662C9416F500746EBD /* App */ = {
			isa = PBXGroup;
			children = (
				4745846D2BEAD41400991690 /* JokesApp.swift */,
			);
			path = App;
			sourceTree = "<group>";
		};
		47C725672C94170000746EBD /* Screens */ = {
			isa = PBXGroup;
			children = (
				47C725682C94170600746EBD /* Joke */,
			);
			path = Screens;
			sourceTree = "<group>";
		};
		47C725682C94170600746EBD /* Joke */ = {
			isa = PBXGroup;
			children = (
				4745846F2BEAD41400991690 /* JokeView.swift */,
				47C7255D2C9415DF00746EBD /* JokeState.swift */,
				47C7255F2C9415F400746EBD /* Joke.swift */,
			);
			path = Joke;
			sourceTree = "<group>";
		};
		47C725692C94170D00746EBD /* Snapshot */ = {
			isa = PBXGroup;
			children = (
				474584812BEAD73200991690 /* JokeViewSnapshotTests.swift */,
			);
			path = Snapshot;
			sourceTree = "<group>";
		};
		47C7256A2C94171F00746EBD /* Unit */ = {
			isa = PBXGroup;
			children = (
				478553852C4EFF6900AB8830 /* JokeViewTests.swift */,
			);
			path = Unit;
			sourceTree = "<group>";
		};
/* End PBXGroup section */

/* Begin PBXNativeTarget section */
		474584692BEAD41400991690 /* Jokes */ = {
			isa = PBXNativeTarget;
			buildConfigurationList = 474584782BEAD41500991690 /* Build configuration list for PBXNativeTarget "Jokes" */;
			buildPhases = (
				474584662BEAD41400991690 /* Sources */,
				474584672BEAD41400991690 /* Frameworks */,
				474584682BEAD41400991690 /* Resources */,
			);
			buildRules = (
			);
			dependencies = (
			);
			name = Jokes;
			packageProductDependencies = (
			);
			productName = JokesApp;
			productReference = 4745846A2BEAD41400991690 /* Jokes.app */;
			productType = "com.apple.product-type.application";
		};
		4745847E2BEAD73200991690 /* JokesTests */ = {
			isa = PBXNativeTarget;
			buildConfigurationList = 474584852BEAD73200991690 /* Build configuration list for PBXNativeTarget "JokesTests" */;
			buildPhases = (
				4745847B2BEAD73200991690 /* Sources */,
				4745847C2BEAD73200991690 /* Frameworks */,
				4745847D2BEAD73200991690 /* Resources */,
			);
			buildRules = (
			);
			dependencies = (
				474584842BEAD73200991690 /* PBXTargetDependency */,
			);
			name = JokesTests;
			packageProductDependencies = (
				47CD27182BF118C900B73805 /* InlineSnapshotTesting */,
				47CD271A2BF118C900B73805 /* SnapshotTesting */,
				47C1CC632C56DA6A00F97F1F /* ViewInspector */,
			);
			productName = JokesAppTests;
			productReference = 4745847F2BEAD73200991690 /* JokesTests.xctest */;
			productType = "com.apple.product-type.bundle.unit-test";
		};
/* End PBXNativeTarget section */

/* Begin PBXProject section */
		474584622BEAD41400991690 /* Project object */ = {
			isa = PBXProject;
			attributes = {
				BuildIndependentTargetsInParallel = 1;
				LastSwiftUpdateCheck = 1510;
				LastUpgradeCheck = 1510;
				TargetAttributes = {
					474584692BEAD41400991690 = {
						CreatedOnToolsVersion = 15.1;
					};
					4745847E2BEAD73200991690 = {
						CreatedOnToolsVersion = 15.1;
						TestTargetID = 474584692BEAD41400991690;
					};
				};
			};
			buildConfigurationList = 474584652BEAD41400991690 /* Build configuration list for PBXProject "Jokes" */;
			compatibilityVersion = "Xcode 14.0";
			developmentRegion = en;
			hasScannedForEncodings = 0;
			knownRegions = (
				en,
				Base,
			);
			mainGroup = 474584612BEAD41400991690;
			packageReferences = (
				47CD27172BF118C900B73805 /* XCRemoteSwiftPackageReference "swift-snapshot-testing" */,
				47C1CC622C56DA6A00F97F1F /* XCRemoteSwiftPackageReference "ViewInspector" */,
			);
			productRefGroup = 4745846B2BEAD41400991690 /* Products */;
			projectDirPath = "";
			projectRoot = "";
			targets = (
				474584692BEAD41400991690 /* Jokes */,
				4745847E2BEAD73200991690 /* JokesTests */,
			);
		};
/* End PBXProject section */

/* Begin PBXResourcesBuildPhase section */
		474584682BEAD41400991690 /* Resources */ = {
			isa = PBXResourcesBuildPhase;
			buildActionMask = 2147483647;
			files = (
				474584722BEAD41500991690 /* Assets.xcassets in Resources */,
			);
			runOnlyForDeploymentPostprocessing = 0;
		};
		4745847D2BEAD73200991690 /* Resources */ = {
			isa = PBXResourcesBuildPhase;
			buildActionMask = 2147483647;
			files = (
			);
			runOnlyForDeploymentPostprocessing = 0;
		};
/* End PBXResourcesBuildPhase section */

/* Begin PBXSourcesBuildPhase section */
		474584662BEAD41400991690 /* Sources */ = {
			isa = PBXSourcesBuildPhase;
			buildActionMask = 2147483647;
			files = (
				47C725622C94168D00746EBD /* URLSessionProtocol.swift in Sources */,
				47C7255E2C9415DF00746EBD /* JokeState.swift in Sources */,
				47C725602C9415F400746EBD /* Joke.swift in Sources */,
				47B6F5D42BF284D8009B12FC /* JokeViewPreviewProvider.swift in Sources */,
				474584702BEAD41400991690 /* JokeView.swift in Sources */,
				4745846E2BEAD41400991690 /* JokesApp.swift in Sources */,
			);
			runOnlyForDeploymentPostprocessing = 0;
		};
		4745847B2BEAD73200991690 /* Sources */ = {
			isa = PBXSourcesBuildPhase;
			buildActionMask = 2147483647;
			files = (
				474584822BEAD73200991690 /* JokeViewSnapshotTests.swift in Sources */,
				478553862C4EFF6900AB8830 /* JokeViewTests.swift in Sources */,
			);
			runOnlyForDeploymentPostprocessing = 0;
		};
/* End PBXSourcesBuildPhase section */

/* Begin PBXTargetDependency section */
		474584842BEAD73200991690 /* PBXTargetDependency */ = {
			isa = PBXTargetDependency;
			target = 474584692BEAD41400991690 /* Jokes */;
			targetProxy = 474584832BEAD73200991690 /* PBXContainerItemProxy */;
		};
/* End PBXTargetDependency section */

/* Begin XCBuildConfiguration section */
		474584762BEAD41500991690 /* Debug */ = {
			isa = XCBuildConfiguration;
			buildSettings = {
				ALWAYS_SEARCH_USER_PATHS = NO;
				ASSETCATALOG_COMPILER_GENERATE_SWIFT_ASSET_SYMBOL_EXTENSIONS = YES;
				CLANG_ANALYZER_NONNULL = YES;
				CLANG_ANALYZER_NUMBER_OBJECT_CONVERSION = YES_AGGRESSIVE;
				CLANG_CXX_LANGUAGE_STANDARD = "gnu++20";
				CLANG_ENABLE_MODULES = YES;
				CLANG_ENABLE_OBJC_ARC = YES;
				CLANG_ENABLE_OBJC_WEAK = YES;
				CLANG_WARN_BLOCK_CAPTURE_AUTORELEASING = YES;
				CLANG_WARN_BOOL_CONVERSION = YES;
				CLANG_WARN_COMMA = YES;
				CLANG_WARN_CONSTANT_CONVERSION = YES;
				CLANG_WARN_DEPRECATED_OBJC_IMPLEMENTATIONS = YES;
				CLANG_WARN_DIRECT_OBJC_ISA_USAGE = YES_ERROR;
				CLANG_WARN_DOCUMENTATION_COMMENTS = YES;
				CLANG_WARN_EMPTY_BODY = YES;
				CLANG_WARN_ENUM_CONVERSION = YES;
				CLANG_WARN_INFINITE_RECURSION = YES;
				CLANG_WARN_INT_CONVERSION = YES;
				CLANG_WARN_NON_LITERAL_NULL_CONVERSION = YES;
				CLANG_WARN_OBJC_IMPLICIT_RETAIN_SELF = YES;
				CLANG_WARN_OBJC_LITERAL_CONVERSION = YES;
				CLANG_WARN_OBJC_ROOT_CLASS = YES_ERROR;
				CLANG_WARN_QUOTED_INCLUDE_IN_FRAMEWORK_HEADER = YES;
				CLANG_WARN_RANGE_LOOP_ANALYSIS = YES;
				CLANG_WARN_STRICT_PROTOTYPES = YES;
				CLANG_WARN_SUSPICIOUS_MOVE = YES;
				CLANG_WARN_UNGUARDED_AVAILABILITY = YES_AGGRESSIVE;
				CLANG_WARN_UNREACHABLE_CODE = YES;
				CLANG_WARN__DUPLICATE_METHOD_MATCH = YES;
				COPY_PHASE_STRIP = NO;
				DEBUG_INFORMATION_FORMAT = dwarf;
				ENABLE_STRICT_OBJC_MSGSEND = YES;
				ENABLE_TESTABILITY = YES;
				ENABLE_USER_SCRIPT_SANDBOXING = YES;
				GCC_C_LANGUAGE_STANDARD = gnu17;
				GCC_DYNAMIC_NO_PIC = NO;
				GCC_NO_COMMON_BLOCKS = YES;
				GCC_OPTIMIZATION_LEVEL = 0;
				GCC_PREPROCESSOR_DEFINITIONS = (
					"DEBUG=1",
					"$(inherited)",
				);
				GCC_WARN_64_TO_32_BIT_CONVERSION = YES;
				GCC_WARN_ABOUT_RETURN_TYPE = YES_ERROR;
				GCC_WARN_UNDECLARED_SELECTOR = YES;
				GCC_WARN_UNINITIALIZED_AUTOS = YES_AGGRESSIVE;
				GCC_WARN_UNUSED_FUNCTION = YES;
				GCC_WARN_UNUSED_VARIABLE = YES;
				IPHONEOS_DEPLOYMENT_TARGET = 17.2;
				LOCALIZATION_PREFERS_STRING_CATALOGS = YES;
				MTL_ENABLE_DEBUG_INFO = INCLUDE_SOURCE;
				MTL_FAST_MATH = YES;
				ONLY_ACTIVE_ARCH = YES;
				SDKROOT = iphoneos;
				SWIFT_ACTIVE_COMPILATION_CONDITIONS = "DEBUG $(inherited)";
				SWIFT_OPTIMIZATION_LEVEL = "-Onone";
			};
			name = Debug;
		};
		474584772BEAD41500991690 /* Release */ = {
			isa = XCBuildConfiguration;
			buildSettings = {
				ALWAYS_SEARCH_USER_PATHS = NO;
				ASSETCATALOG_COMPILER_GENERATE_SWIFT_ASSET_SYMBOL_EXTENSIONS = YES;
				CLANG_ANALYZER_NONNULL = YES;
				CLANG_ANALYZER_NUMBER_OBJECT_CONVERSION = YES_AGGRESSIVE;
				CLANG_CXX_LANGUAGE_STANDARD = "gnu++20";
				CLANG_ENABLE_MODULES = YES;
				CLANG_ENABLE_OBJC_ARC = YES;
				CLANG_ENABLE_OBJC_WEAK = YES;
				CLANG_WARN_BLOCK_CAPTURE_AUTORELEASING = YES;
				CLANG_WARN_BOOL_CONVERSION = YES;
				CLANG_WARN_COMMA = YES;
				CLANG_WARN_CONSTANT_CONVERSION = YES;
				CLANG_WARN_DEPRECATED_OBJC_IMPLEMENTATIONS = YES;
				CLANG_WARN_DIRECT_OBJC_ISA_USAGE = YES_ERROR;
				CLANG_WARN_DOCUMENTATION_COMMENTS = YES;
				CLANG_WARN_EMPTY_BODY = YES;
				CLANG_WARN_ENUM_CONVERSION = YES;
				CLANG_WARN_INFINITE_RECURSION = YES;
				CLANG_WARN_INT_CONVERSION = YES;
				CLANG_WARN_NON_LITERAL_NULL_CONVERSION = YES;
				CLANG_WARN_OBJC_IMPLICIT_RETAIN_SELF = YES;
				CLANG_WARN_OBJC_LITERAL_CONVERSION = YES;
				CLANG_WARN_OBJC_ROOT_CLASS = YES_ERROR;
				CLANG_WARN_QUOTED_INCLUDE_IN_FRAMEWORK_HEADER = YES;
				CLANG_WARN_RANGE_LOOP_ANALYSIS = YES;
				CLANG_WARN_STRICT_PROTOTYPES = YES;
				CLANG_WARN_SUSPICIOUS_MOVE = YES;
				CLANG_WARN_UNGUARDED_AVAILABILITY = YES_AGGRESSIVE;
				CLANG_WARN_UNREACHABLE_CODE = YES;
				CLANG_WARN__DUPLICATE_METHOD_MATCH = YES;
				COPY_PHASE_STRIP = NO;
				DEBUG_INFORMATION_FORMAT = "dwarf-with-dsym";
				ENABLE_NS_ASSERTIONS = NO;
				ENABLE_STRICT_OBJC_MSGSEND = YES;
				ENABLE_USER_SCRIPT_SANDBOXING = YES;
				GCC_C_LANGUAGE_STANDARD = gnu17;
				GCC_NO_COMMON_BLOCKS = YES;
				GCC_WARN_64_TO_32_BIT_CONVERSION = YES;
				GCC_WARN_ABOUT_RETURN_TYPE = YES_ERROR;
				GCC_WARN_UNDECLARED_SELECTOR = YES;
				GCC_WARN_UNINITIALIZED_AUTOS = YES_AGGRESSIVE;
				GCC_WARN_UNUSED_FUNCTION = YES;
				GCC_WARN_UNUSED_VARIABLE = YES;
				IPHONEOS_DEPLOYMENT_TARGET = 17.2;
				LOCALIZATION_PREFERS_STRING_CATALOGS = YES;
				MTL_ENABLE_DEBUG_INFO = NO;
				MTL_FAST_MATH = YES;
				SDKROOT = iphoneos;
				SWIFT_COMPILATION_MODE = wholemodule;
				VALIDATE_PRODUCT = YES;
			};
			name = Release;
		};
		474584792BEAD41500991690 /* Debug */ = {
			isa = XCBuildConfiguration;
			buildSettings = {
				ASSETCATALOG_COMPILER_APPICON_NAME = AppIcon;
				ASSETCATALOG_COMPILER_GLOBAL_ACCENT_COLOR_NAME = AccentColor;
				CODE_SIGN_STYLE = Automatic;
				CURRENT_PROJECT_VERSION = 1;
				ENABLE_PREVIEWS = YES;
				GENERATE_INFOPLIST_FILE = YES;
				INFOPLIST_KEY_UIApplicationSceneManifest_Generation = YES;
				INFOPLIST_KEY_UIApplicationSupportsIndirectInputEvents = YES;
				INFOPLIST_KEY_UILaunchScreen_Generation = YES;
				INFOPLIST_KEY_UISupportedInterfaceOrientations_iPad = "UIInterfaceOrientationPortrait UIInterfaceOrientationPortraitUpsideDown UIInterfaceOrientationLandscapeLeft UIInterfaceOrientationLandscapeRight";
				INFOPLIST_KEY_UISupportedInterfaceOrientations_iPhone = "UIInterfaceOrientationPortrait UIInterfaceOrientationLandscapeLeft UIInterfaceOrientationLandscapeRight";
				LD_RUNPATH_SEARCH_PATHS = (
					"$(inherited)",
					"@executable_path/Frameworks",
				);
				MARKETING_VERSION = 1.0;
				PRODUCT_BUNDLE_IDENTIFIER = mdd.Jokes;
				PRODUCT_NAME = "$(TARGET_NAME)";
				SWIFT_EMIT_LOC_STRINGS = YES;
				SWIFT_VERSION = 5.0;
				TARGETED_DEVICE_FAMILY = "1,2";
			};
			name = Debug;
		};
		4745847A2BEAD41500991690 /* Release */ = {
			isa = XCBuildConfiguration;
			buildSettings = {
				ASSETCATALOG_COMPILER_APPICON_NAME = AppIcon;
				ASSETCATALOG_COMPILER_GLOBAL_ACCENT_COLOR_NAME = AccentColor;
				CODE_SIGN_STYLE = Automatic;
				CURRENT_PROJECT_VERSION = 1;
				ENABLE_PREVIEWS = YES;
				GENERATE_INFOPLIST_FILE = YES;
				INFOPLIST_KEY_UIApplicationSceneManifest_Generation = YES;
				INFOPLIST_KEY_UIApplicationSupportsIndirectInputEvents = YES;
				INFOPLIST_KEY_UILaunchScreen_Generation = YES;
				INFOPLIST_KEY_UISupportedInterfaceOrientations_iPad = "UIInterfaceOrientationPortrait UIInterfaceOrientationPortraitUpsideDown UIInterfaceOrientationLandscapeLeft UIInterfaceOrientationLandscapeRight";
				INFOPLIST_KEY_UISupportedInterfaceOrientations_iPhone = "UIInterfaceOrientationPortrait UIInterfaceOrientationLandscapeLeft UIInterfaceOrientationLandscapeRight";
				LD_RUNPATH_SEARCH_PATHS = (
					"$(inherited)",
					"@executable_path/Frameworks",
				);
				MARKETING_VERSION = 1.0;
				PRODUCT_BUNDLE_IDENTIFIER = mdd.Jokes;
				PRODUCT_NAME = "$(TARGET_NAME)";
				SWIFT_EMIT_LOC_STRINGS = YES;
				SWIFT_VERSION = 5.0;
				TARGETED_DEVICE_FAMILY = "1,2";
			};
			name = Release;
		};
		474584862BEAD73200991690 /* Debug */ = {
			isa = XCBuildConfiguration;
			buildSettings = {
				BUNDLE_LOADER = "$(TEST_HOST)";
				CODE_SIGN_STYLE = Automatic;
				CURRENT_PROJECT_VERSION = 1;
				GENERATE_INFOPLIST_FILE = YES;
				MARKETING_VERSION = 1.0;
				PRODUCT_BUNDLE_IDENTIFIER = mdd.JokesTests;
				PRODUCT_NAME = "$(TARGET_NAME)";
				SWIFT_EMIT_LOC_STRINGS = NO;
				SWIFT_VERSION = 5.0;
				TARGETED_DEVICE_FAMILY = "1,2";
				TEST_HOST = "$(BUILT_PRODUCTS_DIR)/Jokes.app/$(BUNDLE_EXECUTABLE_FOLDER_PATH)/Jokes";
			};
			name = Debug;
		};
		474584872BEAD73200991690 /* Release */ = {
			isa = XCBuildConfiguration;
			buildSettings = {
				BUNDLE_LOADER = "$(TEST_HOST)";
				CODE_SIGN_STYLE = Automatic;
				CURRENT_PROJECT_VERSION = 1;
				GENERATE_INFOPLIST_FILE = YES;
				MARKETING_VERSION = 1.0;
				PRODUCT_BUNDLE_IDENTIFIER = mdd.JokesTests;
				PRODUCT_NAME = "$(TARGET_NAME)";
				SWIFT_EMIT_LOC_STRINGS = NO;
				SWIFT_VERSION = 5.0;
				TARGETED_DEVICE_FAMILY = "1,2";
				TEST_HOST = "$(BUILT_PRODUCTS_DIR)/Jokes.app/$(BUNDLE_EXECUTABLE_FOLDER_PATH)/Jokes";
			};
			name = Release;
		};
/* End XCBuildConfiguration section */

/* Begin XCConfigurationList section */
		474584652BEAD41400991690 /* Build configuration list for PBXProject "Jokes" */ = {
			isa = XCConfigurationList;
			buildConfigurations = (
				474584762BEAD41500991690 /* Debug */,
				474584772BEAD41500991690 /* Release */,
			);
			defaultConfigurationIsVisible = 0;
			defaultConfigurationName = Release;
		};
		474584782BEAD41500991690 /* Build configuration list for PBXNativeTarget "Jokes" */ = {
			isa = XCConfigurationList;
			buildConfigurations = (
				474584792BEAD41500991690 /* Debug */,
				4745847A2BEAD41500991690 /* Release */,
			);
			defaultConfigurationIsVisible = 0;
			defaultConfigurationName = Release;
		};
		474584852BEAD73200991690 /* Build configuration list for PBXNativeTarget "JokesTests" */ = {
			isa = XCConfigurationList;
			buildConfigurations = (
				474584862BEAD73200991690 /* Debug */,
				474584872BEAD73200991690 /* Release */,
			);
			defaultConfigurationIsVisible = 0;
			defaultConfigurationName = Release;
		};
/* End XCConfigurationList section */

/* Begin XCRemoteSwiftPackageReference section */
		47C1CC622C56DA6A00F97F1F /* XCRemoteSwiftPackageReference "ViewInspector" */ = {
			isa = XCRemoteSwiftPackageReference;
			repositoryURL = "https://github.com/nalexn/ViewInspector.git";
			requirement = {
				kind = upToNextMajorVersion;
				minimumVersion = 0.9.11;
			};
		};
		47CD27172BF118C900B73805 /* XCRemoteSwiftPackageReference "swift-snapshot-testing" */ = {
			isa = XCRemoteSwiftPackageReference;
			repositoryURL = "https://github.com/pointfreeco/swift-snapshot-testing.git";
			requirement = {
				kind = upToNextMajorVersion;
				minimumVersion = 1.16.0;
			};
		};
/* End XCRemoteSwiftPackageReference section */

/* Begin XCSwiftPackageProductDependency section */
		47C1CC632C56DA6A00F97F1F /* ViewInspector */ = {
			isa = XCSwiftPackageProductDependency;
			package = 47C1CC622C56DA6A00F97F1F /* XCRemoteSwiftPackageReference "ViewInspector" */;
			productName = ViewInspector;
		};
		47CD27182BF118C900B73805 /* InlineSnapshotTesting */ = {
			isa = XCSwiftPackageProductDependency;
			package = 47CD27172BF118C900B73805 /* XCRemoteSwiftPackageReference "swift-snapshot-testing" */;
			productName = InlineSnapshotTesting;
		};
		47CD271A2BF118C900B73805 /* SnapshotTesting */ = {
			isa = XCSwiftPackageProductDependency;
			package = 47CD27172BF118C900B73805 /* XCRemoteSwiftPackageReference "swift-snapshot-testing" */;
			productName = SnapshotTesting;
		};
/* End XCSwiftPackageProductDependency section */
	};
	rootObject = 474584622BEAD41400991690 /* Project object */;
}
