// !$*UTF8*$!
{
	archiveVersion = 1;
	classes = {
	};
	objectVersion = 56;
	objects = {

/* Begin PBXBuildFile section */
		4745846E2BEAD41400991690 /* JokesAppApp.swift in Sources */ = {isa = PBXBuildFile; fileRef = 4745846D2BEAD41400991690 /* JokesAppApp.swift */; };
		474584702BEAD41400991690 /* JokeView.swift in Sources */ = {isa = PBXBuildFile; fileRef = 4745846F2BEAD41400991690 /* JokeView.swift */; };
		474584722BEAD41500991690 /* Assets.xcassets in Resources */ = {isa = PBXBuildFile; fileRef = 474584712BEAD41500991690 /* Assets.xcassets */; };
		474584752BEAD41500991690 /* Preview Assets.xcassets in Resources */ = {isa = PBXBuildFile; fileRef = 474584742BEAD41500991690 /* Preview Assets.xcassets */; };
		474584822BEAD73200991690 /* JokeViewSnapshotTests.swift in Sources */ = {isa = PBXBuildFile; fileRef = 474584812BEAD73200991690 /* JokeViewSnapshotTests.swift */; };
		47EF508E2BED1CAC000ED05C /* InlineSnapshotTesting in Frameworks */ = {isa = PBXBuildFile; productRef = 47EF508D2BED1CAC000ED05C /* InlineSnapshotTesting */; };
		47EF50902BED1CAC000ED05C /* SnapshotTesting in Frameworks */ = {isa = PBXBuildFile; productRef = 47EF508F2BED1CAC000ED05C /* SnapshotTesting */; };
/* End PBXBuildFile section */

/* Begin PBXContainerItemProxy section */
		474584832BEAD73200991690 /* PBXContainerItemProxy */ = {
			isa = PBXContainerItemProxy;
			containerPortal = 474584622BEAD41400991690 /* Project object */;
			proxyType = 1;
			remoteGlobalIDString = 474584692BEAD41400991690;
			remoteInfo = JokesApp;
		};
/* End PBXContainerItemProxy section */

/* Begin PBXFileReference section */
		4745846A2BEAD41400991690 /* JokesApp.app */ = {isa = PBXFileReference; explicitFileType = wrapper.application; includeInIndex = 0; path = JokesApp.app; sourceTree = BUILT_PRODUCTS_DIR; };
		4745846D2BEAD41400991690 /* JokesAppApp.swift */ = {isa = PBXFileReference; lastKnownFileType = sourcecode.swift; path = JokesAppApp.swift; sourceTree = "<group>"; };
		4745846F2BEAD41400991690 /* JokeView.swift */ = {isa = PBXFileReference; lastKnownFileType = sourcecode.swift; path = JokeView.swift; sourceTree = "<group>"; };
		474584712BEAD41500991690 /* Assets.xcassets */ = {isa = PBXFileReference; lastKnownFileType = folder.assetcatalog; path = Assets.xcassets; sourceTree = "<group>"; };
		474584742BEAD41500991690 /* Preview Assets.xcassets */ = {isa = PBXFileReference; lastKnownFileType = folder.assetcatalog; path = "Preview Assets.xcassets"; sourceTree = "<group>"; };
		4745847F2BEAD73200991690 /* JokesAppTests.xctest */ = {isa = PBXFileReference; explicitFileType = wrapper.cfbundle; includeInIndex = 0; path = JokesAppTests.xctest; sourceTree = BUILT_PRODUCTS_DIR; };
		474584812BEAD73200991690 /* JokeViewSnapshotTests.swift */ = {isa = PBXFileReference; lastKnownFileType = sourcecode.swift; path = JokeViewSnapshotTests.swift; sourceTree = "<group>"; };
/* End PBXFileReference section */

/* Begin PBXFrameworksBuildPhase section */
		474584672BEAD41400991690 /* Frameworks */ = {
			isa = PBXFrameworksBuildPhase;
			buildActionMask = 2147483647;
			files = (
			);
			runOnlyForDeploymentPostprocessing = 0;
		};
		4745847C2BEAD73200991690 /* Frameworks */ = {
			isa = PBXFrameworksBuildPhase;
			buildActionMask = 2147483647;
			files = (
				47EF508E2BED1CAC000ED05C /* InlineSnapshotTesting in Frameworks */,
				47EF50902BED1CAC000ED05C /* SnapshotTesting in Frameworks */,
			);
			runOnlyForDeploymentPostprocessing = 0;
		};
/* End PBXFrameworksBuildPhase section */

/* Begin PBXGroup section */
		474584612BEAD41400991690 = {
			isa = PBXGroup;
			children = (
				4745846C2BEAD41400991690 /* JokesApp */,
				474584802BEAD73200991690 /* JokesAppTests */,
				4745846B2BEAD41400991690 /* Products */,
			);
			sourceTree = "<group>";
		};
		4745846B2BEAD41400991690 /* Products */ = {
			isa = PBXGroup;
			children = (
				4745846A2BEAD41400991690 /* JokesApp.app */,
				4745847F2BEAD73200991690 /* JokesAppTests.xctest */,
			);
			name = Products;
			sourceTree = "<group>";
		};
		4745846C2BEAD41400991690 /* JokesApp */ = {
			isa = PBXGroup;
			children = (
				4745846D2BEAD41400991690 /* JokesAppApp.swift */,
				4745846F2BEAD41400991690 /* JokeView.swift */,
				474584712BEAD41500991690 /* Assets.xcassets */,
				474584732BEAD41500991690 /* Preview Content */,
			);
			path = JokesApp;
			sourceTree = "<group>";
		};
		474584732BEAD41500991690 /* Preview Content */ = {
			isa = PBXGroup;
			children = (
				474584742BEAD41500991690 /* Preview Assets.xcassets */,
			);
			path = "Preview Content";
			sourceTree = "<group>";
		};
		474584802BEAD73200991690 /* JokesAppTests */ = {
			isa = PBXGroup;
			children = (
				474584812BEAD73200991690 /* JokeViewSnapshotTests.swift */,
			);
			path = JokesAppTests;
			sourceTree = "<group>";
		};
/* End PBXGroup section */

/* Begin PBXNativeTarget section */
		474584692BEAD41400991690 /* JokesApp */ = {
			isa = PBXNativeTarget;
			buildConfigurationList = 474584782BEAD41500991690 /* Build configuration list for PBXNativeTarget "JokesApp" */;
			buildPhases = (
				474584662BEAD41400991690 /* Sources */,
				474584672BEAD41400991690 /* Frameworks */,
				474584682BEAD41400991690 /* Resources */,
			);
			buildRules = (
			);
			dependencies = (
			);
			name = JokesApp;
			productName = JokesApp;
			productReference = 4745846A2BEAD41400991690 /* JokesApp.app */;
			productType = "com.apple.product-type.application";
		};
		4745847E2BEAD73200991690 /* JokesAppTests */ = {
			isa = PBXNativeTarget;
			buildConfigurationList = 474584852BEAD73200991690 /* Build configuration list for PBXNativeTarget "JokesAppTests" */;
			buildPhases = (
				4745847B2BEAD73200991690 /* Sources */,
				4745847C2BEAD73200991690 /* Frameworks */,
				4745847D2BEAD73200991690 /* Resources */,
			);
			buildRules = (
			);
			dependencies = (
				474584842BEAD73200991690 /* PBXTargetDependency */,
			);
			name = JokesAppTests;
			packageProductDependencies = (
				47EF508D2BED1CAC000ED05C /* InlineSnapshotTesting */,
				47EF508F2BED1CAC000ED05C /* SnapshotTesting */,
			);
			productName = JokesAppTests;
			productReference = 4745847F2BEAD73200991690 /* JokesAppTests.xctest */;
			productType = "com.apple.product-type.bundle.unit-test";
		};
/* End PBXNativeTarget section */

/* Begin PBXProject section */
		474584622BEAD41400991690 /* Project object */ = {
			isa = PBXProject;
			attributes = {
				BuildIndependentTargetsInParallel = 1;
				LastSwiftUpdateCheck = 1510;
				LastUpgradeCheck = 1510;
				TargetAttributes = {
					474584692BEAD41400991690 = {
						CreatedOnToolsVersion = 15.1;
					};
					4745847E2BEAD73200991690 = {
						CreatedOnToolsVersion = 15.1;
						TestTargetID = 474584692BEAD41400991690;
					};
				};
			};
			buildConfigurationList = 474584652BEAD41400991690 /* Build configuration list for PBXProject "JokesApp" */;
			compatibilityVersion = "Xcode 14.0";
			developmentRegion = en;
			hasScannedForEncodings = 0;
			knownRegions = (
				en,
				Base,
			);
			mainGroup = 474584612BEAD41400991690;
			packageReferences = (
				47EF508C2BED1CAC000ED05C /* XCRemoteSwiftPackageReference "swift-snapshot-testing" */,
			);
			productRefGroup = 4745846B2BEAD41400991690 /* Products */;
			projectDirPath = "";
			projectRoot = "";
			targets = (
				474584692BEAD41400991690 /* JokesApp */,
				4745847E2BEAD73200991690 /* JokesAppTests */,
			);
		};
/* End PBXProject section */

/* Begin PBXResourcesBuildPhase section */
		474584682BEAD41400991690 /* Resources */ = {
			isa = PBXResourcesBuildPhase;
			buildActionMask = 2147483647;
			files = (
				474584752BEAD41500991690 /* Preview Assets.xcassets in Resources */,
				474584722BEAD41500991690 /* Assets.xcassets in Resources */,
			);
			runOnlyForDeploymentPostprocessing = 0;
		};
		4745847D2BEAD73200991690 /* Resources */ = {
			isa = PBXResourcesBuildPhase;
			buildActionMask = 2147483647;
			files = (
			);
			runOnlyForDeploymentPostprocessing = 0;
		};
/* End PBXResourcesBuildPhase section */

/* Begin PBXSourcesBuildPhase section */
		474584662BEAD41400991690 /* Sources */ = {
			isa = PBXSourcesBuildPhase;
			buildActionMask = 2147483647;
			files = (
				474584702BEAD41400991690 /* JokeView.swift in Sources */,
				4745846E2BEAD41400991690 /* JokesAppApp.swift in Sources */,
			);
			runOnlyForDeploymentPostprocessing = 0;
		};
		4745847B2BEAD73200991690 /* Sources */ = {
			isa = PBXSourcesBuildPhase;
			buildActionMask = 2147483647;
			files = (
				474584822BEAD73200991690 /* JokeViewSnapshotTests.swift in Sources */,
			);
			runOnlyForDeploymentPostprocessing = 0;
		};
/* End PBXSourcesBuildPhase section */

/* Begin PBXTargetDependency section */
		474584842BEAD73200991690 /* PBXTargetDependency */ = {
			isa = PBXTargetDependency;
			target = 474584692BEAD41400991690 /* JokesApp */;
			targetProxy = 474584832BEAD73200991690 /* PBXContainerItemProxy */;
		};
/* End PBXTargetDependency section */

/* Begin XCBuildConfiguration section */
		474584762BEAD41500991690 /* Debug */ = {
			isa = XCBuildConfiguration;
			buildSettings = {
				ALWAYS_SEARCH_USER_PATHS = NO;
				ASSETCATALOG_COMPILER_GENERATE_SWIFT_ASSET_SYMBOL_EXTENSIONS = YES;
				CLANG_ANALYZER_NONNULL = YES;
				CLANG_ANALYZER_NUMBER_OBJECT_CONVERSION = YES_AGGRESSIVE;
				CLANG_CXX_LANGUAGE_STANDARD = "gnu++20";
				CLANG_ENABLE_MODULES = YES;
				CLANG_ENABLE_OBJC_ARC = YES;
				CLANG_ENABLE_OBJC_WEAK = YES;
				CLANG_WARN_BLOCK_CAPTURE_AUTORELEASING = YES;
				CLANG_WARN_BOOL_CONVERSION = YES;
				CLANG_WARN_COMMA = YES;
				CLANG_WARN_CONSTANT_CONVERSION = YES;
				CLANG_WARN_DEPRECATED_OBJC_IMPLEMENTATIONS = YES;
				CLANG_WARN_DIRECT_OBJC_ISA_USAGE = YES_ERROR;
				CLANG_WARN_DOCUMENTATION_COMMENTS = YES;
				CLANG_WARN_EMPTY_BODY = YES;
				CLANG_WARN_ENUM_CONVERSION = YES;
				CLANG_WARN_INFINITE_RECURSION = YES;
				CLANG_WARN_INT_CONVERSION = YES;
				CLANG_WARN_NON_LITERAL_NULL_CONVERSION = YES;
				CLANG_WARN_OBJC_IMPLICIT_RETAIN_SELF = YES;
				CLANG_WARN_OBJC_LITERAL_CONVERSION = YES;
				CLANG_WARN_OBJC_ROOT_CLASS = YES_ERROR;
				CLANG_WARN_QUOTED_INCLUDE_IN_FRAMEWORK_HEADER = YES;
				CLANG_WARN_RANGE_LOOP_ANALYSIS = YES;
				CLANG_WARN_STRICT_PROTOTYPES = YES;
				CLANG_WARN_SUSPICIOUS_MOVE = YES;
				CLANG_WARN_UNGUARDED_AVAILABILITY = YES_AGGRESSIVE;
				CLANG_WARN_UNREACHABLE_CODE = YES;
				CLANG_WARN__DUPLICATE_METHOD_MATCH = YES;
				COPY_PHASE_STRIP = NO;
				DEBUG_INFORMATION_FORMAT = dwarf;
				ENABLE_STRICT_OBJC_MSGSEND = YES;
				ENABLE_TESTABILITY = YES;
				ENABLE_USER_SCRIPT_SANDBOXING = YES;
				GCC_C_LANGUAGE_STANDARD = gnu17;
				GCC_DYNAMIC_NO_PIC = NO;
				GCC_NO_COMMON_BLOCKS = YES;
				GCC_OPTIMIZATION_LEVEL = 0;
				GCC_PREPROCESSOR_DEFINITIONS = (
					"DEBUG=1",
					"$(inherited)",
				);
				GCC_WARN_64_TO_32_BIT_CONVERSION = YES;
				GCC_WARN_ABOUT_RETURN_TYPE = YES_ERROR;
				GCC_WARN_UNDECLARED_SELECTOR = YES;
				GCC_WARN_UNINITIALIZED_AUTOS = YES_AGGRESSIVE;
				GCC_WARN_UNUSED_FUNCTION = YES;
				GCC_WARN_UNUSED_VARIABLE = YES;
				IPHONEOS_DEPLOYMENT_TARGET = 17.2;
				LOCALIZATION_PREFERS_STRING_CATALOGS = YES;
				MTL_ENABLE_DEBUG_INFO = INCLUDE_SOURCE;
				MTL_FAST_MATH = YES;
				ONLY_ACTIVE_ARCH = YES;
				SDKROOT = iphoneos;
				SWIFT_ACTIVE_COMPILATION_CONDITIONS = "DEBUG $(inherited)";
				SWIFT_OPTIMIZATION_LEVEL = "-Onone";
			};
			name = Debug;
		};
		474584772BEAD41500991690 /* Release */ = {
			isa = XCBuildConfiguration;
			buildSettings = {
				ALWAYS_SEARCH_USER_PATHS = NO;
				ASSETCATALOG_COMPILER_GENERATE_SWIFT_ASSET_SYMBOL_EXTENSIONS = YES;
				CLANG_ANALYZER_NONNULL = YES;
				CLANG_ANALYZER_NUMBER_OBJECT_CONVERSION = YES_AGGRESSIVE;
				CLANG_CXX_LANGUAGE_STANDARD = "gnu++20";
				CLANG_ENABLE_MODULES = YES;
				CLANG_ENABLE_OBJC_ARC = YES;
				CLANG_ENABLE_OBJC_WEAK = YES;
				CLANG_WARN_BLOCK_CAPTURE_AUTORELEASING = YES;
				CLANG_WARN_BOOL_CONVERSION = YES;
				CLANG_WARN_COMMA = YES;
				CLANG_WARN_CONSTANT_CONVERSION = YES;
				CLANG_WARN_DEPRECATED_OBJC_IMPLEMENTATIONS = YES;
				CLANG_WARN_DIRECT_OBJC_ISA_USAGE = YES_ERROR;
				CLANG_WARN_DOCUMENTATION_COMMENTS = YES;
				CLANG_WARN_EMPTY_BODY = YES;
				CLANG_WARN_ENUM_CONVERSION = YES;
				CLANG_WARN_INFINITE_RECURSION = YES;
				CLANG_WARN_INT_CONVERSION = YES;
				CLANG_WARN_NON_LITERAL_NULL_CONVERSION = YES;
				CLANG_WARN_OBJC_IMPLICIT_RETAIN_SELF = YES;
				CLANG_WARN_OBJC_LITERAL_CONVERSION = YES;
				CLANG_WARN_OBJC_ROOT_CLASS = YES_ERROR;
				CLANG_WARN_QUOTED_INCLUDE_IN_FRAMEWORK_HEADER = YES;
				CLANG_WARN_RANGE_LOOP_ANALYSIS = YES;
				CLANG_WARN_STRICT_PROTOTYPES = YES;
				CLANG_WARN_SUSPICIOUS_MOVE = YES;
				CLANG_WARN_UNGUARDED_AVAILABILITY = YES_AGGRESSIVE;
				CLANG_WARN_UNREACHABLE_CODE = YES;
				CLANG_WARN__DUPLICATE_METHOD_MATCH = YES;
				COPY_PHASE_STRIP = NO;
				DEBUG_INFORMATION_FORMAT = "dwarf-with-dsym";
				ENABLE_NS_ASSERTIONS = NO;
				ENABLE_STRICT_OBJC_MSGSEND = YES;
				ENABLE_USER_SCRIPT_SANDBOXING = YES;
				GCC_C_LANGUAGE_STANDARD = gnu17;
				GCC_NO_COMMON_BLOCKS = YES;
				GCC_WARN_64_TO_32_BIT_CONVERSION = YES;
				GCC_WARN_ABOUT_RETURN_TYPE = YES_ERROR;
				GCC_WARN_UNDECLARED_SELECTOR = YES;
				GCC_WARN_UNINITIALIZED_AUTOS = YES_AGGRESSIVE;
				GCC_WARN_UNUSED_FUNCTION = YES;
				GCC_WARN_UNUSED_VARIABLE = YES;
				IPHONEOS_DEPLOYMENT_TARGET = 17.2;
				LOCALIZATION_PREFERS_STRING_CATALOGS = YES;
				MTL_ENABLE_DEBUG_INFO = NO;
				MTL_FAST_MATH = YES;
				SDKROOT = iphoneos;
				SWIFT_COMPILATION_MODE = wholemodule;
				VALIDATE_PRODUCT = YES;
			};
			name = Release;
		};
		474584792BEAD41500991690 /* Debug */ = {
			isa = XCBuildConfiguration;
			buildSettings = {
				ASSETCATALOG_COMPILER_APPICON_NAME = AppIcon;
				ASSETCATALOG_COMPILER_GLOBAL_ACCENT_COLOR_NAME = AccentColor;
				CODE_SIGN_STYLE = Automatic;
				CURRENT_PROJECT_VERSION = 1;
				DEVELOPMENT_ASSET_PATHS = "\"JokesApp/Preview Content\"";
				ENABLE_PREVIEWS = YES;
				GENERATE_INFOPLIST_FILE = YES;
				INFOPLIST_KEY_UIApplicationSceneManifest_Generation = YES;
				INFOPLIST_KEY_UIApplicationSupportsIndirectInputEvents = YES;
				INFOPLIST_KEY_UILaunchScreen_Generation = YES;
				INFOPLIST_KEY_UISupportedInterfaceOrientations_iPad = "UIInterfaceOrientationPortrait UIInterfaceOrientationPortraitUpsideDown UIInterfaceOrientationLandscapeLeft UIInterfaceOrientationLandscapeRight";
				INFOPLIST_KEY_UISupportedInterfaceOrientations_iPhone = "UIInterfaceOrientationPortrait UIInterfaceOrientationLandscapeLeft UIInterfaceOrientationLandscapeRight";
				LD_RUNPATH_SEARCH_PATHS = (
					"$(inherited)",
					"@executable_path/Frameworks",
				);
				MARKETING_VERSION = 1.0;
				PRODUCT_BUNDLE_IDENTIFIER = mdd.JokesApp;
				PRODUCT_NAME = "$(TARGET_NAME)";
				SWIFT_EMIT_LOC_STRINGS = YES;
				SWIFT_VERSION = 5.0;
				TARGETED_DEVICE_FAMILY = "1,2";
			};
			name = Debug;
		};
		4745847A2BEAD41500991690 /* Release */ = {
			isa = XCBuildConfiguration;
			buildSettings = {
				ASSETCATALOG_COMPILER_APPICON_NAME = AppIcon;
				ASSETCATALOG_COMPILER_GLOBAL_ACCENT_COLOR_NAME = AccentColor;
				CODE_SIGN_STYLE = Automatic;
				CURRENT_PROJECT_VERSION = 1;
				DEVELOPMENT_ASSET_PATHS = "\"JokesApp/Preview Content\"";
				ENABLE_PREVIEWS = YES;
				GENERATE_INFOPLIST_FILE = YES;
				INFOPLIST_KEY_UIApplicationSceneManifest_Generation = YES;
				INFOPLIST_KEY_UIApplicationSupportsIndirectInputEvents = YES;
				INFOPLIST_KEY_UILaunchScreen_Generation = YES;
				INFOPLIST_KEY_UISupportedInterfaceOrientations_iPad = "UIInterfaceOrientationPortrait UIInterfaceOrientationPortraitUpsideDown UIInterfaceOrientationLandscapeLeft UIInterfaceOrientationLandscapeRight";
				INFOPLIST_KEY_UISupportedInterfaceOrientations_iPhone = "UIInterfaceOrientationPortrait UIInterfaceOrientationLandscapeLeft UIInterfaceOrientationLandscapeRight";
				LD_RUNPATH_SEARCH_PATHS = (
					"$(inherited)",
					"@executable_path/Frameworks",
				);
				MARKETING_VERSION = 1.0;
				PRODUCT_BUNDLE_IDENTIFIER = mdd.JokesApp;
				PRODUCT_NAME = "$(TARGET_NAME)";
				SWIFT_EMIT_LOC_STRINGS = YES;
				SWIFT_VERSION = 5.0;
				TARGETED_DEVICE_FAMILY = "1,2";
			};
			name = Release;
		};
		474584862BEAD73200991690 /* Debug */ = {
			isa = XCBuildConfiguration;
			buildSettings = {
				BUNDLE_LOADER = "$(TEST_HOST)";
				CODE_SIGN_STYLE = Automatic;
				CURRENT_PROJECT_VERSION = 1;
				GENERATE_INFOPLIST_FILE = YES;
				MARKETING_VERSION = 1.0;
				PRODUCT_BUNDLE_IDENTIFIER = mdd.JokesAppTests;
				PRODUCT_NAME = "$(TARGET_NAME)";
				SWIFT_EMIT_LOC_STRINGS = NO;
				SWIFT_VERSION = 5.0;
				TARGETED_DEVICE_FAMILY = "1,2";
				TEST_HOST = "$(BUILT_PRODUCTS_DIR)/JokesApp.app/$(BUNDLE_EXECUTABLE_FOLDER_PATH)/JokesApp";
			};
			name = Debug;
		};
		474584872BEAD73200991690 /* Release */ = {
			isa = XCBuildConfiguration;
			buildSettings = {
				BUNDLE_LOADER = "$(TEST_HOST)";
				CODE_SIGN_STYLE = Automatic;
				CURRENT_PROJECT_VERSION = 1;
				GENERATE_INFOPLIST_FILE = YES;
				MARKETING_VERSION = 1.0;
				PRODUCT_BUNDLE_IDENTIFIER = mdd.JokesAppTests;
				PRODUCT_NAME = "$(TARGET_NAME)";
				SWIFT_EMIT_LOC_STRINGS = NO;
				SWIFT_VERSION = 5.0;
				TARGETED_DEVICE_FAMILY = "1,2";
				TEST_HOST = "$(BUILT_PRODUCTS_DIR)/JokesApp.app/$(BUNDLE_EXECUTABLE_FOLDER_PATH)/JokesApp";
			};
			name = Release;
		};
/* End XCBuildConfiguration section */

/* Begin XCConfigurationList section */
		474584652BEAD41400991690 /* Build configuration list for PBXProject "JokesApp" */ = {
			isa = XCConfigurationList;
			buildConfigurations = (
				474584762BEAD41500991690 /* Debug */,
				474584772BEAD41500991690 /* Release */,
			);
			defaultConfigurationIsVisible = 0;
			defaultConfigurationName = Release;
		};
		474584782BEAD41500991690 /* Build configuration list for PBXNativeTarget "JokesApp" */ = {
			isa = XCConfigurationList;
			buildConfigurations = (
				474584792BEAD41500991690 /* Debug */,
				4745847A2BEAD41500991690 /* Release */,
			);
			defaultConfigurationIsVisible = 0;
			defaultConfigurationName = Release;
		};
		474584852BEAD73200991690 /* Build configuration list for PBXNativeTarget "JokesAppTests" */ = {
			isa = XCConfigurationList;
			buildConfigurations = (
				474584862BEAD73200991690 /* Debug */,
				474584872BEAD73200991690 /* Release */,
			);
			defaultConfigurationIsVisible = 0;
			defaultConfigurationName = Release;
		};
/* End XCConfigurationList section */

/* Begin XCRemoteSwiftPackageReference section */
		47EF508C2BED1CAC000ED05C /* XCRemoteSwiftPackageReference "swift-snapshot-testing" */ = {
			isa = XCRemoteSwiftPackageReference;
			repositoryURL = "https://github.com/pointfreeco/swift-snapshot-testing.git";
			requirement = {
				kind = upToNextMajorVersion;
				minimumVersion = 1.16.0;
			};
		};
/* End XCRemoteSwiftPackageReference section */

/* Begin XCSwiftPackageProductDependency section */
		47EF508D2BED1CAC000ED05C /* InlineSnapshotTesting */ = {
			isa = XCSwiftPackageProductDependency;
			package = 47EF508C2BED1CAC000ED05C /* XCRemoteSwiftPackageReference "swift-snapshot-testing" */;
			productName = InlineSnapshotTesting;
		};
		47EF508F2BED1CAC000ED05C /* SnapshotTesting */ = {
			isa = XCSwiftPackageProductDependency;
			package = 47EF508C2BED1CAC000ED05C /* XCRemoteSwiftPackageReference "swift-snapshot-testing" */;
			productName = SnapshotTesting;
		};
/* End XCSwiftPackageProductDependency section */
	};
	rootObject = 474584622BEAD41400991690 /* Project object */;
}
